<?xml version="1.0" encoding="utf-8"?>
<Project ToolsVersion="4.0" xmlns="http://schemas.microsoft.com/developer/msbuild/2003">
  <ItemGroup>
    <ClCompile Include="test.cpp" />
    <ClCompile Include="common\util\bitmap_test.cpp">
      <Filter>common\util</Filter>
    </ClCompile>
    <ClCompile Include="common\timer\timer_1ms_test.cpp">
      <Filter>common\timer</Filter>
    </ClCompile>
    <ClCompile Include="common\timer\timer_solt_test.cpp">
      <Filter>common\timer</Filter>
    </ClCompile>
    <ClCompile Include="common\timer\timer_container_test.cpp">
      <Filter>common\timer</Filter>
    </ClCompile>
  </ItemGroup>
  <ItemGroup>
    <Filter Include="common">
      <UniqueIdentifier>{ba731ea2-85a5-44a1-b515-59ef48dcefe0}</UniqueIdentifier>
    </Filter>
    <Filter Include="common\util">
      <UniqueIdentifier>{910aadfe-cc9b-4e65-9616-22c3484b9474}</UniqueIdentifier>
    </Filter>
    <Filter Include="common\timer">
      <UniqueIdentifier>{d34ba54f-a350-4b9f-8a32-3d1ebdf4166a}</UniqueIdentifier>
    </Filter>
  </ItemGroup>
  <ItemGroup>
    <ClInclude Include="common\timer\common.h">
      <Filter>common\timer</Filter>
    </ClInclude>
  </ItemGroup>
</Project>